// !$*UTF8*$!
{
	archiveVersion = 1;
	classes = {
	};
	objectVersion = 56;
	objects = {

/* Begin PBXBuildFile section */
		1A234567890ABCDEF1234567 /* TicTacToeApp.swift in Sources */ = {isa = PBXBuildFile; fileRef = 1A234567890ABCDEF1234566 /* TicTacToeApp.swift */; };
		1A234567890ABCDEF1234569 /* ContentView.swift in Sources */ = {isa = PBXBuildFile; fileRef = 1A234567890ABCDEF1234568 /* ContentView.swift */; };
		1A234567890ABCDEF123456B /* Assets.xcassets in Resources */ = {isa = PBXBuildFile; fileRef = 1A234567890ABCDEF123456A /* Assets.xcassets */; };
		1A234567890ABCDEF123456E /* Preview Assets.xcassets in Resources */ = {isa = PBXBuildFile; fileRef = 1A234567890ABCDEF123456D /* Preview Assets.xcassets */; };
		1A234567890ABCDEF1234571 /* Player.swift in Sources */ = {isa = PBXBuildFile; fileRef = 1A234567890ABCDEF1234570 /* Player.swift */; };
		1A234567890ABCDEF1234573 /* GameBoard.swift in Sources */ = {isa = PBXBuildFile; fileRef = 1A234567890ABCDEF1234572 /* GameBoard.swift */; };
		1A234567890ABCDEF1234575 /* GameState.swift in Sources */ = {isa = PBXBuildFile; fileRef = 1A234567890ABCDEF1234574 /* GameState.swift */; };
		1A234567890ABCDEF1234577 /* GameEngine.swift in Sources */ = {isa = PBXBuildFile; fileRef = 1A234567890ABCDEF1234576 /* GameEngine.swift */; };
		1A234567890ABCDEF1234579 /* AIPlayer.swift in Sources */ = {isa = PBXBuildFile; fileRef = 1A234567890ABCDEF1234578 /* AIPlayer.swift */; };
		1A234567890ABCDEF123457B /* GameViewModel.swift in Sources */ = {isa = PBXBuildFile; fileRef = 1A234567890ABCDEF123457A /* GameViewModel.swift */; };
		1A234567890ABCDEF123457D /* BoardView.swift in Sources */ = {isa = PBXBuildFile; fileRef = 1A234567890ABCDEF123457C /* BoardView.swift */; };
		1A234567890ABCDEF123457F /* ScoreView.swift in Sources */ = {isa = PBXBuildFile; fileRef = 1A234567890ABCDEF123457E /* ScoreView.swift */; };
		1A234567890ABCDEF1234581 /* SettingsView.swift in Sources */ = {isa = PBXBuildFile; fileRef = 1A234567890ABCDEF1234580 /* SettingsView.swift */; };
		1A234567890ABCDEF1234583 /* SoundManager.swift in Sources */ = {isa = PBXBuildFile; fileRef = 1A234567890ABCDEF1234582 /* SoundManager.swift */; };
		1A234567890ABCDEF1234585 /* Extensions.swift in Sources */ = {isa = PBXBuildFile; fileRef = 1A234567890ABCDEF1234584 /* Extensions.swift */; };
		1A234567890ABCDEF1234587 /* AdManager.swift in Sources */ = {isa = PBXBuildFile; fileRef = 1A234567890ABCDEF1234586 /* AdManager.swift */; };
/* End PBXBuildFile section */

/* Begin PBXFileReference section */
		1A234567890ABCDEF1234563 /* TicTacToe.app */ = {isa = PBXFileReference; explicitFileType = wrapper.application; includeInIndex = 0; path = TicTacToe.app; sourceTree = BUILT_PRODUCTS_DIR; };
		1A234567890ABCDEF1234566 /* TicTacToeApp.swift */ = {isa = PBXFileReference; lastKnownFileType = sourcecode.swift; path = TicTacToeApp.swift; sourceTree = "<group>"; };
		1A234567890ABCDEF1234568 /* ContentView.swift */ = {isa = PBXFileReference; lastKnownFileType = sourcecode.swift; path = ContentView.swift; sourceTree = "<group>"; };
		1A234567890ABCDEF123456A /* Assets.xcassets */ = {isa = PBXFileReference; lastKnownFileType = folder.assetcatalog; path = Assets.xcassets; sourceTree = "<group>"; };
		1A234567890ABCDEF123456D /* Preview Assets.xcassets */ = {isa = PBXFileReference; lastKnownFileType = folder.assetcatalog; path = "Preview Assets.xcassets"; sourceTree = "<group>"; };
		1A234567890ABCDEF1234570 /* Player.swift */ = {isa = PBXFileReference; lastKnownFileType = sourcecode.swift; path = Player.swift; sourceTree = "<group>"; };
		1A234567890ABCDEF1234572 /* GameBoard.swift */ = {isa = PBXFileReference; lastKnownFileType = sourcecode.swift; path = GameBoard.swift; sourceTree = "<group>"; };
		1A234567890ABCDEF1234574 /* GameState.swift */ = {isa = PBXFileReference; lastKnownFileType = sourcecode.swift; path = GameState.swift; sourceTree = "<group>"; };
		1A234567890ABCDEF1234576 /* GameEngine.swift */ = {isa = PBXFileReference; lastKnownFileType = sourcecode.swift; path = GameEngine.swift; sourceTree = "<group>"; };
		1A234567890ABCDEF1234578 /* AIPlayer.swift */ = {isa = PBXFileReference; lastKnownFileType = sourcecode.swift; path = AIPlayer.swift; sourceTree = "<group>"; };
		1A234567890ABCDEF123457A /* GameViewModel.swift */ = {isa = PBXFileReference; lastKnownFileType = sourcecode.swift; path = GameViewModel.swift; sourceTree = "<group>"; };
		1A234567890ABCDEF123457C /* BoardView.swift */ = {isa = PBXFileReference; lastKnownFileType = sourcecode.swift; path = BoardView.swift; sourceTree = "<group>"; };
		1A234567890ABCDEF123457E /* ScoreView.swift */ = {isa = PBXFileReference; lastKnownFileType = sourcecode.swift; path = ScoreView.swift; sourceTree = "<group>"; };
		1A234567890ABCDEF1234580 /* SettingsView.swift */ = {isa = PBXFileReference; lastKnownFileType = sourcecode.swift; path = SettingsView.swift; sourceTree = "<group>"; };
		1A234567890ABCDEF1234582 /* SoundManager.swift */ = {isa = PBXFileReference; lastKnownFileType = sourcecode.swift; path = SoundManager.swift; sourceTree = "<group>"; };
		1A234567890ABCDEF1234584 /* Extensions.swift */ = {isa = PBXFileReference; lastKnownFileType = sourcecode.swift; path = Extensions.swift; sourceTree = "<group>"; };
		1A234567890ABCDEF1234586 /* AdManager.swift */ = {isa = PBXFileReference; lastKnownFileType = sourcecode.swift; path = AdManager.swift; sourceTree = "<group>"; };
		1A234567890ABCDEF1234588 /* Info.plist */ = {isa = PBXFileReference; lastKnownFileType = text.plist.xml; path = Info.plist; sourceTree = "<group>"; };
/* End PBXFileReference section */

/* Begin PBXFrameworksBuildPhase section */
		1A234567890ABCDEF1234560 /* Frameworks */ = {
			isa = PBXFrameworksBuildPhase;
			buildActionMask = 2147483647;
			files = (
			);
			runOnlyForDeploymentPostprocessing = 0;
		};
/* End PBXFrameworksBuildPhase section */

/* Begin PBXGroup section */
		1A234567890ABCDEF123455A /* TicTacToe */ = {
			isa = PBXGroup;
			children = (
				1A234567890ABCDEF1234588 /* Info.plist */,
				1A234567890ABCDEF123458A /* App */,
				1A234567890ABCDEF123458B /* Models */,
				1A234567890ABCDEF123458C /* Views */,
				1A234567890ABCDEF123458D /* ViewModels */,
				1A234567890ABCDEF123458E /* GameLogic */,
				1A234567890ABCDEF123458F /* Utils */,
				1A234567890ABCDEF1234590 /* Ads */,
				1A234567890ABCDEF1234591 /* Resources */,
				1A234567890ABCDEF123456C /* Preview Content */,
			);
			path = TicTacToe;
			sourceTree = "<group>";
		};
		1A234567890ABCDEF123455B /* Products */ = {
			isa = PBXGroup;
			children = (
				1A234567890ABCDEF1234563 /* TicTacToe.app */,
			);
			name = Products;
			sourceTree = "<group>";
		};
		1A234567890ABCDEF123456C /* Preview Content */ = {
			isa = PBXGroup;
			children = (
				1A234567890ABCDEF123456D /* Preview Assets.xcassets */,
			);
			path = "Preview Content";
			sourceTree = "<group>";
		};
		1A234567890ABCDEF123458A /* App */ = {
			isa = PBXGroup;
			children = (
				1A234567890ABCDEF1234566 /* TicTacToeApp.swift */,
				1A234567890ABCDEF1234568 /* ContentView.swift */,
			);
			path = App;
			sourceTree = "<group>";
		};
		1A234567890ABCDEF123458B /* Models */ = {
			isa = PBXGroup;
			children = (
				1A234567890ABCDEF1234570 /* Player.swift */,
				1A234567890ABCDEF1234572 /* GameBoard.swift */,
				1A234567890ABCDEF1234574 /* GameState.swift */,
			);
			path = Models;
			sourceTree = "<group>";
		};
		1A234567890ABCDEF123458C /* Views */ = {
			isa = PBXGroup;
			children = (
				1A234567890ABCDEF123457C /* BoardView.swift */,
				1A234567890ABCDEF123457E /* ScoreView.swift */,
				1A234567890ABCDEF1234580 /* SettingsView.swift */,
			);
			path = Views;
			sourceTree = "<group>";
		};
		1A234567890ABCDEF123458D /* ViewModels */ = {
			isa = PBXGroup;
			children = (
				1A234567890ABCDEF123457A /* GameViewModel.swift */,
			);
			path = ViewModels;
			sourceTree = "<group>";
		};
		1A234567890ABCDEF123458E /* GameLogic */ = {
			isa = PBXGroup;
			children = (
				1A234567890ABCDEF1234576 /* GameEngine.swift */,
				1A234567890ABCDEF1234578 /* AIPlayer.swift */,
			);
			path = GameLogic;
			sourceTree = "<group>";
		};
		1A234567890ABCDEF123458F /* Utils */ = {
			isa = PBXGroup;
			children = (
				1A234567890ABCDEF1234582 /* SoundManager.swift */,
				1A234567890ABCDEF1234584 /* Extensions.swift */,
			);
			path = Utils;
			sourceTree = "<group>";
		};
		1A234567890ABCDEF1234590 /* Ads */ = {
			isa = PBXGroup;
			children = (
				1A234567890ABCDEF1234586 /* AdManager.swift */,
			);
			path = Ads;
			sourceTree = "<group>";
		};
		1A234567890ABCDEF1234591 /* Resources */ = {
			isa = PBXGroup;
			children = (
				1A234567890ABCDEF123456A /* Assets.xcassets */,
			);
			path = Resources;
			sourceTree = "<group>";
		};
		1A234567890ABCDEF1234559 = {
			isa = PBXGroup;
			children = (
				1A234567890ABCDEF123455A /* TicTacToe */,
				1A234567890ABCDEF123455B /* Products */,
			);
			sourceTree = "<group>";
		};
/* End PBXGroup section */

/* Begin PBXNativeTarget section */
		1A234567890ABCDEF1234562 /* TicTacToe */ = {
			isa = PBXNativeTarget;
			buildConfigurationList = 1A234567890ABCDEF1234571 /* Build configuration list for PBXNativeTarget "TicTacToe" */;
			buildPhases = (
				1A234567890ABCDEF123455F /* Sources */,
				1A234567890ABCDEF1234560 /* Frameworks */,
				1A234567890ABCDEF1234561 /* Resources */,
			);
			buildRules = (
			);
			dependencies = (
			);
			name = TicTacToe;
			productName = TicTacToe;
			productReference = 1A234567890ABCDEF1234563 /* TicTacToe.app */;
			productType = "com.apple.product-type.application";
		};
/* End PBXNativeTarget section */

/* Begin PBXProject section */
		1A234567890ABCDEF123455B /* Project object */ = {
			isa = PBXProject;
			attributes = {
				BuildIndependentTargetsInParallel = 1;
				LastSwiftUpdateCheck = 1500;
				LastUpgradeCheck = 1500;
				TargetAttributes = {
					1A234567890ABCDEF1234562 = {
						CreatedOnToolsVersion = 15.0;
					};
				};
			};
			buildConfigurationList = 1A234567890ABCDEF123455E /* Build configuration list for PBXProject "TicTacToe" */;
			compatibilityVersion = "Xcode 14.0";
			developmentRegion = en;
			hasScannedForEncodings = 0;
			knownRegions = (
				en,
				Base,
			);
			mainGroup = 1A234567890ABCDEF1234559;
			productRefGroup = 1A234567890ABCDEF123455B /* Products */;
			projectDirPath = "";
			projectRoot = "";
			targets = (
				1A234567890ABCDEF1234562 /* TicTacToe */,
			);
		};
/* End PBXProject section */

/* Begin PBXResourcesBuildPhase section */
		1A234567890ABCDEF1234561 /* Resources */ = {
			isa = PBXResourcesBuildPhase;
			buildActionMask = 2147483647;
			files = (
				1A234567890ABCDEF123456E /* Preview Assets.xcassets in Resources */,
				1A234567890ABCDEF123456B /* Assets.xcassets in Resources */,
			);
			runOnlyForDeploymentPostprocessing = 0;
		};
/* End PBXResourcesBuildPhase section */

/* Begin PBXSourcesBuildPhase section */
		1A234567890ABCDEF123455F /* Sources */ = {
			isa = PBXSourcesBuildPhase;
			buildActionMask = 2147483647;
			files = (
				1A234567890ABCDEF1234569 /* ContentView.swift in Sources */,
				1A234567890ABCDEF1234571 /* Player.swift in Sources */,
				1A234567890ABCDEF1234573 /* GameBoard.swift in Sources */,
				1A234567890ABCDEF1234575 /* GameState.swift in Sources */,
				1A234567890ABCDEF1234577 /* GameEngine.swift in Sources */,
				1A234567890ABCDEF1234579 /* AIPlayer.swift in Sources */,
				1A234567890ABCDEF123457B /* GameViewModel.swift in Sources */,
				1A234567890ABCDEF123457D /* BoardView.swift in Sources */,
				1A234567890ABCDEF123457F /* ScoreView.swift in Sources */,
				1A234567890ABCDEF1234581 /* SettingsView.swift in Sources */,
				1A234567890ABCDEF1234583 /* SoundManager.swift in Sources */,
				1A234567890ABCDEF1234585 /* Extensions.swift in Sources */,
				1A234567890ABCDEF1234587 /* AdManager.swift in Sources */,
				1A234567890ABCDEF1234567 /* TicTacToeApp.swift in Sources */,
			);
			runOnlyForDeploymentPostprocessing = 0;
		};
/* End PBXSourcesBuildPhase section */

/* Begin XCBuildConfiguration section */
		1A234567890ABCDEF123456F /* Debug */ = {
			isa = XCBuildConfiguration;
			buildSettings = {
				ALWAYS_SEARCH_USER_PATHS = NO;
				ASSETCATALOG_COMPILER_GENERATE_SWIFT_ASSET_SYMBOL_EXTENSIONS = YES;
				CLANG_ANALYZER_NONNULL = YES;
				CLANG_ANALYZER_NUMBER_OBJECT_CONVERSION = YES_AGGRESSIVE;
				CLANG_CXX_LANGUAGE_STANDARD = "gnu++20";
				CLANG_ENABLE_MODULES = YES;
				CLANG_ENABLE_OBJC_ARC = YES;
				CLANG_ENABLE_OBJC_WEAK = YES;
				CLANG_WARN_BLOCK_CAPTURE_AUTORELEASING = YES;
				CLANG_WARN_BOOL_CONVERSION = YES;
				CLANG_WARN_COMMA = YES;
				CLANG_WARN_CONSTANT_CONVERSION = YES;
				CLANG_WARN_DEPRECATED_OBJC_IMPLEMENTATIONS = YES;
				CLANG_WARN_DIRECT_OBJC_ISA_USAGE = YES_ERROR;
				CLANG_WARN_DOCUMENTATION_COMMENTS = YES;
				CLANG_WARN_EMPTY_BODY = YES;
				CLANG_WARN_ENUM_CONVERSION = YES;
				CLANG_WARN_INFINITE_RECURSION = YES;
				CLANG_WARN_INT_CONVERSION = YES;
				CLANG_WARN_NON_LITERAL_NULL_CONVERSION = YES;
				CLANG_WARN_OBJC_IMPLICIT_RETAIN_SELF = YES;
				CLANG_WARN_OBJC_LITERAL_CONVERSION = YES;
				CLANG_WARN_OBJC_ROOT_CLASS = YES_ERROR;
				CLANG_WARN_QUOTED_INCLUDE_IN_FRAMEWORK_HEADER = YES;
				CLANG_WARN_RANGE_LOOP_ANALYSIS = YES;
				CLANG_WARN_STRICT_PROTOTYPES = YES;
				CLANG_WARN_SUSPICIOUS_MOVE = YES;
				CLANG_WARN_UNGUARDED_AVAILABILITY = YES_AGGRESSIVE;
				CLANG_WARN_UNREACHABLE_CODE = YES;
				CLANG_WARN__DUPLICATE_METHOD_MATCH = YES;
				COPY_PHASE_STRIP = NO;
				DEBUG_INFORMATION_FORMAT = dwarf;
				ENABLE_STRICT_OBJC_MSGSEND = YES;
				ENABLE_TESTABILITY = YES;
				ENABLE_USER_SCRIPT_SANDBOXING = YES;
				GCC_C_LANGUAGE_STANDARD = gnu17;
				GCC_DYNAMIC_NO_PIC = NO;
				GCC_NO_COMMON_BLOCKS = YES;
				GCC_OPTIMIZATION_LEVEL = 0;
				GCC_PREPROCESSOR_DEFINITIONS = (
					"DEBUG=1",
					"$(inherited)",
				);
				GCC_WARN_64_TO_32_BIT_CONVERSION = YES;
				GCC_WARN_ABOUT_RETURN_TYPE = YES_ERROR;
				GCC_WARN_UNDECLARED_SELECTOR = YES;
				GCC_WARN_UNINITIALIZED_AUTOS = YES_AGGRESSIVE;
				GCC_WARN_UNUSED_FUNCTION = YES;
				GCC_WARN_UNUSED_VARIABLE = YES;
				IPHONEOS_DEPLOYMENT_TARGET = 15.0;
				LOCALIZATION_PREFERS_STRING_CATALOGS = YES;
				MTL_ENABLE_DEBUG_INFO = INCLUDE_SOURCE;
				MTL_FAST_MATH = YES;
				ONLY_ACTIVE_ARCH = YES;
				SDKROOT = iphoneos;
				SWIFT_ACTIVE_COMPILATION_CONDITIONS = "DEBUG $(inherited)";
				SWIFT_OPTIMIZATION_LEVEL = "-Onone";
			};
			name = Debug;
		};
		1A234567890ABCDEF1234570 /* Release */ = {
			isa = XCBuildConfiguration;
			buildSettings = {
				ALWAYS_SEARCH_USER_PATHS = NO;
				ASSETCATALOG_COMPILER_GENERATE_SWIFT_ASSET_SYMBOL_EXTENSIONS = YES;
				CLANG_ANALYZER_NONNULL = YES;
				CLANG_ANALYZER_NUMBER_OBJECT_CONVERSION = YES_AGGRESSIVE;
				CLANG_CXX_LANGUAGE_STANDARD = "gnu++20";
				CLANG_ENABLE_MODULES = YES;
				CLANG_ENABLE_OBJC_ARC = YES;
				CLANG_ENABLE_OBJC_WEAK = YES;
				CLANG_WARN_BLOCK_CAPTURE_AUTORELEASING = YES;
				CLANG_WARN_BOOL_CONVERSION = YES;
				CLANG_WARN_COMMA = YES;
				CLANG_WARN_CONSTANT_CONVERSION = YES;
				CLANG_WARN_DEPRECATED_OBJC_IMPLEMENTATIONS = YES;
				CLANG_WARN_DIRECT_OBJC_ISA_USAGE = YES_ERROR;
				CLANG_WARN_DOCUMENTATION_COMMENTS = YES;
				CLANG_WARN_EMPTY_BODY = YES;
				CLANG_WARN_ENUM_CONVERSION = YES;
				CLANG_WARN_INFINITE_RECURSION = YES;
				CLANG_WARN_INT_CONVERSION = YES;
				CLANG_WARN_NON_LITERAL_NULL_CONVERSION = YES;
				CLANG_WARN_OBJC_IMPLICIT_RETAIN_SELF = YES;
				CLANG_WARN_OBJC_LITERAL_CONVERSION = YES;
				CLANG_WARN_OBJC_ROOT_CLASS = YES_ERROR;
				CLANG_WARN_QUOTED_INCLUDE_IN_FRAMEWORK_HEADER = YES;
				CLANG_WARN_RANGE_LOOP_ANALYSIS = YES;
				CLANG_WARN_STRICT_PROTOTYPES = YES;
				CLANG_WARN_SUSPICIOUS_MOVE = YES;
				CLANG_WARN_UNGUARDED_AVAILABILITY = YES_AGGRESSIVE;
				CLANG_WARN_UNREACHABLE_CODE = YES;
				CLANG_WARN__DUPLICATE_METHOD_MATCH = YES;
				COPY_PHASE_STRIP = NO;
				DEBUG_INFORMATION_FORMAT = "dwarf-with-dsym";
				ENABLE_NS_ASSERTIONS = NO;
				ENABLE_STRICT_OBJC_MSGSEND = YES;
				ENABLE_USER_SCRIPT_SANDBOXING = YES;
				GCC_C_LANGUAGE_STANDARD = gnu17;
				GCC_NO_COMMON_BLOCKS = YES;
				GCC_WARN_64_TO_32_BIT_CONVERSION = YES;
				GCC_WARN_ABOUT_RETURN_TYPE = YES_ERROR;
				GCC_WARN_UNDECLARED_SELECTOR = YES;
				GCC_WARN_UNINITIALIZED_AUTOS = YES_AGGRESSIVE;
				GCC_WARN_UNUSED_FUNCTION = YES;
				GCC_WARN_UNUSED_VARIABLE = YES;
				IPHONEOS_DEPLOYMENT_TARGET = 15.0;
				LOCALIZATION_PREFERS_STRING_CATALOGS = YES;
				MTL_ENABLE_DEBUG_INFO = NO;
				MTL_FAST_MATH = YES;
				SDKROOT = iphoneos;
				SWIFT_COMPILATION_MODE = wholemodule;
				VALIDATE_PRODUCT = YES;
			};
			name = Release;
		};
		1A234567890ABCDEF1234572 /* Debug */ = {
			isa = XCBuildConfiguration;
			buildSettings = {
				ASSETCATALOG_COMPILER_APPICON_NAME = AppIcon;
				ASSETCATALOG_COMPILER_GLOBAL_ACCENT_COLOR_NAME = AccentColor;
				CODE_SIGN_STYLE = Automatic;
				CURRENT_PROJECT_VERSION = 1;
				DEVELOPMENT_ASSET_PATHS = "\"TicTacToe/Preview Content\"";
				DEVELOPMENT_TEAM = "";
				ENABLE_PREVIEWS = YES;
				GENERATE_INFOPLIST_FILE = NO;
				INFOPLIST_FILE = TicTacToe/Info.plist;
				INFOPLIST_KEY_UIApplicationSceneManifest_Generation = YES;
				INFOPLIST_KEY_UIApplicationSupportsIndirectInputEvents = YES;
				INFOPLIST_KEY_UILaunchScreen_Generation = YES;
				INFOPLIST_KEY_UISupportedInterfaceOrientations = UIInterfaceOrientationPortrait;
				INFOPLIST_KEY_UISupportedInterfaceOrientations_iPad = "UIInterfaceOrientationLandscapeLeft UIInterfaceOrientationLandscapeRight UIInterfaceOrientationPortrait UIInterfaceOrientationPortraitUpsideDown";
				IPHONEOS_DEPLOYMENT_TARGET = 15.0;
				LD_RUNPATH_SEARCH_PATHS = (
					"$(inherited)",
					"@executable_path/Frameworks",
				);
				MARKETING_VERSION = 1.0;
				PRODUCT_BUNDLE_IDENTIFIER = com.marcosconceicao.tictactoe;
				PRODUCT_NAME = "$(TARGET_NAME)";
				SUPPORTED_PLATFORMS = "iphoneos iphonesimulator";
				SUPPORTS_MACCATALYST = NO;
				SUPPORTS_MAC_DESIGNED_FOR_IPHONE_IPAD = NO;
				SWIFT_EMIT_LOC_STRINGS = YES;
				SWIFT_VERSION = 5.0;
				TARGETED_DEVICE_FAMILY = "1,2";
			};
			name = Debug;
		};
		1A234567890ABCDEF1234573 /* Release */ = {
			isa = XCBuildConfiguration;
			buildSettings = {
				ASSETCATALOG_COMPILER_APPICON_NAME = AppIcon;
				ASSETCATALOG_COMPILER_GLOBAL_ACCENT_COLOR_NAME = AccentColor;
				CODE_SIGN_STYLE = Automatic;
				CURRENT_PROJECT_VERSION = 1;
				DEVELOPMENT_ASSET_PATHS = "\"TicTacToe/Preview Content\"";
				DEVELOPMENT_TEAM = "";
				ENABLE_PREVIEWS = YES;
				GENERATE_INFOPLIST_FILE = NO;
				INFOPLIST_FILE = TicTacToe/Info.plist;
				INFOPLIST_KEY_UIApplicationSceneManifest_Generation = YES;
				INFOPLIST_KEY_UIApplicationSupportsIndirectInputEvents = YES;
				INFOPLIST_KEY_UILaunchScreen_Generation = YES;
				INFOPLIST_KEY_UISupportedInterfaceOrientations = UIInterfaceOrientationPortrait;
				INFOPLIST_KEY_UISupportedInterfaceOrientations_iPad = "UIInterfaceOrientationLandscapeLeft UIInterfaceOrientationLandscapeRight UIInterfaceOrientationPortrait UIInterfaceOrientationPortraitUpsideDown";
				IPHONEOS_DEPLOYMENT_TARGET = 15.0;
				LD_RUNPATH_SEARCH_PATHS = (
					"$(inherited)",
					"@executable_path/Frameworks",
				);
				MARKETING_VERSION = 1.0;
				PRODUCT_BUNDLE_IDENTIFIER = com.marcosconceicao.tictactoe;
				PRODUCT_NAME = "$(TARGET_NAME)";
				SUPPORTED_PLATFORMS = "iphoneos iphonesimulator";
				SUPPORTS_MACCATALYST = NO;
				SUPPORTS_MAC_DESIGNED_FOR_IPHONE_IPAD = NO;
				SWIFT_EMIT_LOC_STRINGS = YES;
				SWIFT_VERSION = 5.0;
				TARGETED_DEVICE_FAMILY = "1,2";
			};
			name = Release;
		};
/* End XCBuildConfiguration section */

/* Begin XCConfigurationList section */
		1A234567890ABCDEF123455E /* Build configuration list for PBXProject "TicTacToe" */ = {
			isa = XCConfigurationList;
			buildConfigurations = (
				1A234567890ABCDEF123456F /* Debug */,
				1A234567890ABCDEF1234570 /* Release */,
			);
			defaultConfigurationIsVisible = 0;
			defaultConfigurationName = Release;
		};
		1A234567890ABCDEF1234571 /* Build configuration list for PBXNativeTarget "TicTacToe" */ = {
			isa = XCConfigurationList;
			buildConfigurations = (
				1A234567890ABCDEF1234572 /* Debug */,
				1A234567890ABCDEF1234573 /* Release */,
			);
			defaultConfigurationIsVisible = 0;
			defaultConfigurationName = Release;
		};
/* End XCConfigurationList section */
	};
	rootObject = 1A234567890ABCDEF123455B /* Project object */;
}